{
  "name": "@global/board-app",
  "version": "0.0.1",
  "lockfileVersion": 3,
  "requires": true,
  "packages": {
    "": {
      "name": "@global/board-app",
      "version": "0.0.1",
      "dependencies": {
        "@servicenow/now-button": "^19.8.2-ecd",
        "@servicenow/sass-kit": "latest",
        "@servicenow/ui-core": "24.1.1",
        "@servicenow/ui-renderer-snabbdom": "24.1.1",
        "datatables.net-dt": "^2.3.6",
        "jquery": "^3.6.4",
        "tabulator-tables": "^6.3.1"
      },
      "devDependencies": {
        "@babel/runtime": "7.25.7",
        "ajv": "^6.12.6",
        "sass": "1.53.0"
      },
      "engines": {
        "node": ">=22"
      }
    },
    "node_modules/@babel/code-frame": {
      "version": "7.28.6",
      "resolved": "https://registry.npmjs.org/@babel/code-frame/-/code-frame-7.28.6.tgz",
      "integrity": "sha512-JYgintcMjRiCvS8mMECzaEn+m3PfoQiyqukOMCCVQtoJGYJw8j/8LBJEiqkHLkfwCcs74E3pbAUFNg7d9VNJ+Q==",
      "license": "MIT",
      "dependencies": {
        "@babel/helper-validator-identifier": "^7.28.5",
        "js-tokens": "^4.0.0",
        "picocolors": "^1.1.1"
      },
      "engines": {
        "node": ">=6.9.0"
      }
    },
    "node_modules/@babel/helper-validator-identifier": {
      "version": "7.28.5",
      "resolved": "https://registry.npmjs.org/@babel/helper-validator-identifier/-/helper-validator-identifier-7.28.5.tgz",
      "integrity": "sha512-qSs4ifwzKJSV39ucNjsvc6WVHs6b7S03sOh2OcHF9UHfVPqWWALUsNUVzhSBiItjRZoLHx7nIarVjqKVusUZ1Q==",
      "license": "MIT",
      "engines": {
        "node": ">=6.9.0"
      }
    },
    "node_modules/@babel/runtime": {
      "version": "7.25.7",
      "resolved": "https://registry.npmjs.org/@babel/runtime/-/runtime-7.25.7.tgz",
      "integrity": "sha512-FjoyLe754PMiYsFaN5C94ttGiOmBNYTf6pLr4xXHAT5uctHb092PBszndLDR5XA/jghQvn4n7JMHl7dmTgbm9w==",
      "dev": true,
      "license": "MIT",
      "dependencies": {
        "regenerator-runtime": "^0.14.0"
      },
      "engines": {
        "node": ">=6.9.0"
      }
    },
    "node_modules/@servicenow/behavior-fit": {
      "version": "19.8.2-ecd",
      "resolved": "https://registry.npmjs.org/@servicenow/behavior-fit/-/behavior-fit-19.8.2-ecd.tgz",
      "integrity": "sha512-LNTZniSnSkRSYYc8jKyl/TTtBl7z+yvvme1+nP00a0hXP+L93cvcXv9U69vTDGsTBO9qEvEASIx26nfHYxElVg==",
      "license": "MIT",
      "dependencies": {
        "@servicenow/cli-archetype": "quebec",
        "@servicenow/cli-component-archetype": "quebec",
        "@servicenow/library-enhanced-element": "19.8.2-ecd",
        "@servicenow/tool-enhanced-component-archetype": "19.8.2-ecd",
        "@servicenow/ui-core": "quebec",
        "@servicenow/ui-effect-update-state": "quebec",
        "@servicenow/ui-renderer-snabbdom": "quebec"
      },
      "engines": {
        "node": ">=8.6.0",
        "npm": ">=5.3.0"
      }
    },
    "node_modules/@servicenow/behavior-focus": {
      "version": "19.8.2-ecd",
      "resolved": "https://registry.npmjs.org/@servicenow/behavior-focus/-/behavior-focus-19.8.2-ecd.tgz",
      "integrity": "sha512-XgRYy9K48YbLV1larPhwRQMYScU7MTtBXgMvl5m/MhBV7le8BFpYk7kcXtJR8PhmB1MtSGKA7yiw2sGVGQQ86A==",
      "license": "MIT",
      "dependencies": {
        "@servicenow/cli-archetype": "quebec",
        "@servicenow/cli-component-archetype": "quebec",
        "@servicenow/library-enhanced-utils": "19.8.2-ecd",
        "@servicenow/sass-theme": "19.8.2-ecd",
        "@servicenow/tool-enhanced-component-archetype": "19.8.2-ecd",
        "@servicenow/ui-core": "quebec",
        "@servicenow/ui-renderer-snabbdom": "quebec"
      },
      "engines": {
        "node": ">=8.6.0",
        "npm": ">=5.3.0"
      }
    },
    "node_modules/@servicenow/behavior-rtl": {
      "version": "19.8.2-ecd",
      "resolved": "https://registry.npmjs.org/@servicenow/behavior-rtl/-/behavior-rtl-19.8.2-ecd.tgz",
      "integrity": "sha512-XwV7IJ2JsEyWH5K15YlX7bpBp23Rb0/HipupYZ6dTAGAKVkAHHp8D3ixLXLyI/fLdnOjpaERUgDIGnHW+u0opQ==",
      "license": "MIT",
      "dependencies": {
        "@servicenow/cli-archetype": "quebec",
        "@servicenow/cli-component-archetype": "quebec",
        "@servicenow/tool-enhanced-component-archetype": "19.8.2-ecd",
        "@servicenow/ui-core": "quebec",
        "@servicenow/ui-renderer-snabbdom": "quebec"
      },
      "engines": {
        "node": ">=8.6.0",
        "npm": ">=5.3.0"
      }
    },
    "node_modules/@servicenow/cli-archetype": {
      "version": "19.0.0",
      "resolved": "https://registry.npmjs.org/@servicenow/cli-archetype/-/cli-archetype-19.0.0.tgz",
      "integrity": "sha512-HoBP1wDD5k90dd3S9NFudrPWSicoU2DduEssakWj5VJH21IOewoOc3CWIvb+CH3R3sdGFnMrEYYztAzcrkjH4A==",
      "license": "MIT"
    },
    "node_modules/@servicenow/cli-component-archetype": {
      "version": "19.0.0",
      "resolved": "https://registry.npmjs.org/@servicenow/cli-component-archetype/-/cli-component-archetype-19.0.0.tgz",
      "integrity": "sha512-U46Fsy0Tv8EvyvSyh19XheGypKqQno/PQXs3ZnYRsW/WXGkn660HW50lRuvYdtee7ncS4r9aQI0jBBQWBEPeHA==",
      "license": "MIT"
    },
    "node_modules/@servicenow/library-enhanced-element": {
      "version": "19.8.2-ecd",
      "resolved": "https://registry.npmjs.org/@servicenow/library-enhanced-element/-/library-enhanced-element-19.8.2-ecd.tgz",
      "integrity": "sha512-o/ZT4LZakCP2TEkeISgMsaaFP/Pr7RlM/HjgpY68QtdRRJMJnvI/FcF66WN/Bcs9W2O/yDIiYtGyRuyIAC2RTg==",
      "license": "MIT",
      "dependencies": {
        "@servicenow/behavior-rtl": "19.8.2-ecd",
        "@servicenow/cli-archetype": "quebec",
        "@servicenow/cli-component-archetype": "quebec",
        "@servicenow/library-enhanced-utils": "19.8.2-ecd",
        "@servicenow/tool-enhanced-component-archetype": "19.8.2-ecd",
        "@servicenow/ui-core": "quebec",
        "@servicenow/ui-effect-update-state": "quebec",
        "@servicenow/ui-renderer-snabbdom": "quebec"
      },
      "engines": {
        "node": ">=8.6.0",
        "npm": ">=5.3.0"
      }
    },
    "node_modules/@servicenow/library-enhanced-utils": {
      "version": "19.8.2-ecd",
      "resolved": "https://registry.npmjs.org/@servicenow/library-enhanced-utils/-/library-enhanced-utils-19.8.2-ecd.tgz",
      "integrity": "sha512-hwCdyew7DVGNbw1HJ1eqYrHLxjQVlCO1hgkWnk9YP2mPyE6y6QVOdGaknAiirJ5ZTnBAirY1MeA6ZUq8bdrw5Q==",
      "license": "MIT",
      "dependencies": {
        "@servicenow/cli-archetype": "quebec",
        "@servicenow/cli-component-archetype": "quebec",
        "@servicenow/tool-enhanced-component-archetype": "19.8.2-ecd"
      },
      "engines": {
        "node": ">=8.6.0",
        "npm": ">=5.3.0"
      }
    },
    "node_modules/@servicenow/library-schemas": {
      "version": "19.8.2-ecd",
      "resolved": "https://registry.npmjs.org/@servicenow/library-schemas/-/library-schemas-19.8.2-ecd.tgz",
      "integrity": "sha512-1b9/99syKrD9BvF6gn1H1Qcx9uWnn6Lrdzre51MtnZN4AJcR8g4LzGI1sk3hCw56dUhne740/8fZHCrwSwhAmA==",
      "license": "MIT",
      "dependencies": {
        "@servicenow/cli-archetype": "quebec",
        "@servicenow/cli-component-archetype": "quebec",
        "@servicenow/tool-enhanced-component-archetype": "19.8.2-ecd"
      },
      "engines": {
        "node": ">=8.6.0",
        "npm": ">=5.3.0"
      }
    },
    "node_modules/@servicenow/library-translate": {
      "version": "19.1.0",
      "resolved": "https://registry.npmjs.org/@servicenow/library-translate/-/library-translate-19.1.0.tgz",
      "integrity": "sha512-+Gz7G2b+YHEjSFUwAXizDc+GlqovUyA6vK5cpCRjMpEKN6GhykJIfK2nMmp0SIgBecXqLaZFCX2NRvDXmZmkxA==",
      "license": "MIT",
      "dependencies": {
        "string-template": "1.0.0"
      }
    },
    "node_modules/@servicenow/now-button": {
      "version": "19.8.2-ecd",
      "resolved": "https://registry.npmjs.org/@servicenow/now-button/-/now-button-19.8.2-ecd.tgz",
      "integrity": "sha512-F7zap/XryK3FQf8iKlrkgnHoovgnySpucdEbe47c6Tuh+K6LCV86Cn0ttOCUAlrEZawhcGhUrHLHhc/S79cSmA==",
      "license": "MIT",
      "dependencies": {
        "@servicenow/behavior-focus": "19.8.2-ecd",
        "@servicenow/behavior-rtl": "19.8.2-ecd",
        "@servicenow/cli-archetype": "quebec",
        "@servicenow/cli-component-archetype": "quebec",
        "@servicenow/library-enhanced-element": "19.8.2-ecd",
        "@servicenow/library-enhanced-utils": "19.8.2-ecd",
        "@servicenow/library-schemas": "19.8.2-ecd",
        "@servicenow/now-icon": "19.8.2-ecd",
        "@servicenow/now-tooltip": "19.8.2-ecd",
        "@servicenow/sass-kit": "19.8.2-ecd",
        "@servicenow/sass-theme": "19.8.2-ecd",
        "@servicenow/sass-utility": "19.8.2-ecd",
        "@servicenow/tool-enhanced-component-archetype": "19.8.2-ecd",
        "@servicenow/ui-core": "quebec",
        "@servicenow/ui-renderer-snabbdom": "quebec",
        "@servicenow/ui-testing-helpers": "quebec"
      },
      "engines": {
        "node": ">=8.6.0",
        "npm": ">=5.3.0"
      }
    },
    "node_modules/@servicenow/now-icon": {
      "version": "19.8.2-ecd",
      "resolved": "https://registry.npmjs.org/@servicenow/now-icon/-/now-icon-19.8.2-ecd.tgz",
      "integrity": "sha512-HS8vhH+2xNOal6b8C0dKQHTXCAkDFTLLVVpIh0NqHwQQoPgDA/Fss6MW8KdWrP4rbNGpvGYFZnQX+lreCJbWDA==",
      "license": "MIT",
      "dependencies": {
        "@servicenow/cli-archetype": "quebec",
        "@servicenow/cli-component-archetype": "quebec",
        "@servicenow/library-enhanced-element": "19.8.2-ecd",
        "@servicenow/library-translate": "19.1.0",
        "@servicenow/sass-kit": "19.8.2-ecd",
        "@servicenow/sass-theme": "19.8.2-ecd",
        "@servicenow/tool-enhanced-component-archetype": "19.8.2-ecd",
        "@servicenow/ui-core": "quebec",
        "@servicenow/ui-renderer-snabbdom": "quebec",
        "@servicenow/ui-testing-helpers": "quebec"
      },
      "engines": {
        "node": ">=8.6.0",
        "npm": ">=5.3.0"
      }
    },
    "node_modules/@servicenow/now-tooltip": {
      "version": "19.8.2-ecd",
      "resolved": "https://registry.npmjs.org/@servicenow/now-tooltip/-/now-tooltip-19.8.2-ecd.tgz",
      "integrity": "sha512-2BKDidGq0ds2yYyi9JmgrourEQyW2MX75B6qnU9e5gRDswKxEYqG7J7ipAhnc3Ov5Lw8Y1KdLJE/ToGLjpr+zA==",
      "license": "MIT",
      "dependencies": {
        "@servicenow/behavior-fit": "19.8.2-ecd",
        "@servicenow/cli-archetype": "quebec",
        "@servicenow/cli-component-archetype": "quebec",
        "@servicenow/library-enhanced-element": "19.8.2-ecd",
        "@servicenow/sass-kit": "19.8.2-ecd",
        "@servicenow/sass-theme": "19.8.2-ecd",
        "@servicenow/tool-enhanced-component-archetype": "19.8.2-ecd",
        "@servicenow/ui-core": "quebec",
        "@servicenow/ui-renderer-snabbdom": "quebec",
        "@servicenow/ui-testing-helpers": "quebec"
      },
      "engines": {
        "node": ">=8.6.0",
        "npm": ">=5.3.0"
      }
    },
    "node_modules/@servicenow/sass-generic": {
      "version": "19.8.2-ecd",
      "resolved": "https://registry.npmjs.org/@servicenow/sass-generic/-/sass-generic-19.8.2-ecd.tgz",
      "integrity": "sha512-4lJEN/GKAxo9rtgmrI9BfZeSE6bseQkXi/6JdLuhzW2mNwU09ONTEkdxofIqgNLmE73ovKoQbX24vAwV/v4mQw==",
      "license": "MIT",
      "dependencies": {
        "@servicenow/tool-enhanced-component-archetype": "19.8.2-ecd"
      }
    },
    "node_modules/@servicenow/sass-global": {
      "version": "19.8.2-ecd",
      "resolved": "https://registry.npmjs.org/@servicenow/sass-global/-/sass-global-19.8.2-ecd.tgz",
      "integrity": "sha512-0YLjyzNwLmejVV9x9RbA1MJxQpgsAZK5jhahNaoJjLvh/MSs4NHVn4VLF//0/KEuoV/aPtvaknGzD7JSePxXMw==",
      "license": "MIT",
      "dependencies": {
        "@servicenow/tool-enhanced-component-archetype": "19.8.2-ecd"
      }
    },
    "node_modules/@servicenow/sass-kit": {
      "version": "19.8.2-ecd",
      "resolved": "https://registry.npmjs.org/@servicenow/sass-kit/-/sass-kit-19.8.2-ecd.tgz",
      "integrity": "sha512-gWwH/yXmYUPNQEZIGRbCutOYhy/zwoCuvsR9DfGMFXTkIIZIAByBp05LDSIdeMSnOgu5q7cIQadz8RLZEnojcA==",
      "license": "MIT",
      "dependencies": {
        "@servicenow/sass-generic": "19.8.2-ecd",
        "@servicenow/sass-global": "19.8.2-ecd",
        "@servicenow/tool-enhanced-component-archetype": "19.8.2-ecd"
      }
    },
    "node_modules/@servicenow/sass-theme": {
      "version": "19.8.2-ecd",
      "resolved": "https://registry.npmjs.org/@servicenow/sass-theme/-/sass-theme-19.8.2-ecd.tgz",
      "integrity": "sha512-vVp8Nbyo9B5JAsHOsWoTcELASCQZwPzTqRk1wmgh6pUt5JwvhgCiFN5/MhMn1orxMDLSLIkOeaMDhAYNASyFrQ==",
      "license": "MIT",
      "dependencies": {
        "@servicenow/sass-global": "19.8.2-ecd",
        "@servicenow/tool-enhanced-component-archetype": "19.8.2-ecd"
      }
    },
    "node_modules/@servicenow/sass-utility": {
      "version": "19.8.2-ecd",
      "resolved": "https://registry.npmjs.org/@servicenow/sass-utility/-/sass-utility-19.8.2-ecd.tgz",
      "integrity": "sha512-EsVuzEVvMlrJStiYq8t/dqTHZb5fpS3fB5GRN2V29coVOwCqg3Sh5dttU4NCrtkwxfKodW5J1bSOKPtbNAjxAA==",
      "license": "MIT",
      "dependencies": {
        "@servicenow/tool-enhanced-component-archetype": "19.8.2-ecd"
      }
    },
    "node_modules/@servicenow/tool-enhanced-component-archetype": {
      "version": "19.8.2-ecd",
      "resolved": "https://registry.npmjs.org/@servicenow/tool-enhanced-component-archetype/-/tool-enhanced-component-archetype-19.8.2-ecd.tgz",
      "integrity": "sha512-/a3LUxmcKthJ8769b9CoslA/BgSyv53752krH5GcN+MQySJ/Az2H529abTuxtEMG7OJFdeg3yPOvX2wFWcH1Og==",
      "license": "MIT"
    },
    "node_modules/@servicenow/ui-config": {
      "version": "24.1.1",
      "resolved": "https://registry.npmjs.org/@servicenow/ui-config/-/ui-config-24.1.1.tgz",
      "integrity": "sha512-1b+Jw+9kYLmooIxHXzXgPQ+LeU3jv3ki5+7cKcQ9wbI4xKeliTjb6fzpqeM2rSv9f5Xz3AYeSL9ALL+BwSUgXQ==",
      "license": "MIT",
      "dependencies": {
        "@servicenow/ui-utils": "24.1.1"
      }
    },
    "node_modules/@servicenow/ui-core": {
      "version": "24.1.1",
      "resolved": "https://registry.npmjs.org/@servicenow/ui-core/-/ui-core-24.1.1.tgz",
      "integrity": "sha512-OC0DvddOUWCFheIbDSdtjBffYbtA2xHx60WYgF0NVeMoLxm4wn2100h7v+O0yMx8sme14EL0B3LprTVC/Dp3zQ==",
      "license": "MIT",
      "dependencies": {
        "@servicenow/ui-config": "24.1.1",
        "@servicenow/ui-internal": "24.1.1",
        "@servicenow/ui-metrics": "24.1.1",
        "@servicenow/ui-renderer-default": "24.1.1",
        "@servicenow/ui-types": "24.1.1",
        "@servicenow/ui-utils": "24.1.1",
        "immer": "3.1.2"
      }
    },
    "node_modules/@servicenow/ui-effect-update-state": {
      "version": "19.4.2",
      "resolved": "https://registry.npmjs.org/@servicenow/ui-effect-update-state/-/ui-effect-update-state-19.4.2.tgz",
      "integrity": "sha512-0+/bVpodLQFgKxj+iN/gROMZNk+zoK6I+Ou+XO581pxLspkSLXj0UDE/tloUgJ7vyhV7INSb/r4AZFXpanAG/w==",
      "license": "MIT",
      "dependencies": {
        "@servicenow/ui-internal": "19.4.2"
      }
    },
    "node_modules/@servicenow/ui-effect-update-state/node_modules/@servicenow/ui-internal": {
      "version": "19.4.2",
      "resolved": "https://registry.npmjs.org/@servicenow/ui-internal/-/ui-internal-19.4.2.tgz",
      "integrity": "sha512-1sxrT5tGriudR63l7dp/qXbSONVCuiNwEF9P/xx383YYjRNGZNmHvzHYSeQ+T4GP+gkNNGn5N2AHb3PTfmcUMw==",
      "license": "MIT",
      "dependencies": {
        "@servicenow/ui-metrics": "19.4.2"
      }
    },
    "node_modules/@servicenow/ui-effect-update-state/node_modules/@servicenow/ui-metrics": {
      "version": "19.4.2",
      "resolved": "https://registry.npmjs.org/@servicenow/ui-metrics/-/ui-metrics-19.4.2.tgz",
      "integrity": "sha512-i2M4udYDzBjuRRxF10oX2xhVumwqMlbC7VYZ2jBB/DFY8AXv+i6bFY6LritZCkrsJTXhr6qdDynt7kAuOLV2cg==",
      "license": "MIT"
    },
    "node_modules/@servicenow/ui-internal": {
      "version": "24.1.1",
      "resolved": "https://registry.npmjs.org/@servicenow/ui-internal/-/ui-internal-24.1.1.tgz",
      "integrity": "sha512-eDZsBHLr1tYWTs1JHxpGz6GLSdSQYAqbckCR9NbTzMtWhjQXlBddpkeoNp/f8iL4PLzn99kM8FCk/pOOBiQbmw==",
      "license": "MIT",
      "dependencies": {
        "@servicenow/ui-config": "24.1.1",
        "@servicenow/ui-metrics": "24.1.1",
        "@servicenow/ui-utils": "24.1.1"
      }
    },
    "node_modules/@servicenow/ui-metrics": {
      "version": "24.1.1",
      "resolved": "https://registry.npmjs.org/@servicenow/ui-metrics/-/ui-metrics-24.1.1.tgz",
      "integrity": "sha512-83531Q9nHFID30xyWYhM1eKaKdJYor8qGjAEpNgkjl9ElnygnYcPcFePcqXhXvZ8X4BpIpjxxGL5xMv8goBJlg==",
      "license": "MIT",
      "dependencies": {
        "@servicenow/ui-config": "24.1.1",
        "@servicenow/ui-utils": "24.1.1"
      }
    },
    "node_modules/@servicenow/ui-renderer-default": {
      "version": "24.1.1",
      "resolved": "https://registry.npmjs.org/@servicenow/ui-renderer-default/-/ui-renderer-default-24.1.1.tgz",
      "integrity": "sha512-UBGWn557Mkz2if/FsHZwf/awZpqbPDPOzKva1bIaMld7mSsTF1s9Egmq8QKx/dzDFXsb+6B28Km92syLaiTk+w==",
      "license": "MIT",
      "dependencies": {
        "@servicenow/ui-renderer-snabbdom": "24.1.1"
      },
      "engines": {
        "node": ">=14.16.0",
        "npm": ">=6.14.11"
      }
    },
    "node_modules/@servicenow/ui-renderer-snabbdom": {
      "version": "24.1.1",
      "resolved": "https://registry.npmjs.org/@servicenow/ui-renderer-snabbdom/-/ui-renderer-snabbdom-24.1.1.tgz",
      "integrity": "sha512-8TWGdbA0UtXp2DoqIAGwwZQ37tv0C7DFw6EhQk3W88QVIVH3wdbm88PWK+DvR2uvf1KFn1HWRnfiQumshXq2QA==",
      "license": "MIT",
      "dependencies": {
        "@servicenow/ui-config": "24.1.1",
        "@servicenow/ui-internal": "24.1.1",
        "@servicenow/ui-metrics": "24.1.1",
        "@servicenow/ui-utils": "24.1.1",
        "snabbdom": "2.1.0",
        "snabbdom-signature": "0.0.3"
      },
      "engines": {
        "node": ">=14.16.0",
        "npm": ">=6.14.11"
      }
    },
    "node_modules/@servicenow/ui-testing-helpers": {
      "version": "19.0.0",
      "resolved": "https://registry.npmjs.org/@servicenow/ui-testing-helpers/-/ui-testing-helpers-19.0.0.tgz",
      "integrity": "sha512-pvk/5MU0pKj4Qn/ZfJMZqN9hridW7zdKNc4h92+y1Z5EpB7LsUmXh6HOq7K5EC3Hwekut8kB12QxbtwNqfUGtg==",
      "license": "MIT",
      "dependencies": {
        "lodash": "4.17.14"
      }
    },
    "node_modules/@servicenow/ui-testing-helpers/node_modules/lodash": {
      "version": "4.17.14",
      "resolved": "https://registry.npmjs.org/lodash/-/lodash-4.17.14.tgz",
      "integrity": "sha512-mmKYbW3GLuJeX+iGP+Y7Gp1AiGHGbXHCOh/jZmrawMmsE7MS4znI3RL2FsjbqOyMayHInjOeykW7PEajUk1/xw==",
      "license": "MIT"
    },
    "node_modules/@servicenow/ui-types": {
      "version": "24.1.1",
      "resolved": "https://registry.npmjs.org/@servicenow/ui-types/-/ui-types-24.1.1.tgz",
      "integrity": "sha512-XVNCR6jyfQpW8x9YhfKyKQz1Zrjc61Pf+Hsd5J+vgY4OnvnDtnr2vWDpa35zzzMrlMULM7SGQwwfYX6DcErCKA==",
      "license": "MIT"
    },
    "node_modules/@servicenow/ui-utils": {
      "version": "24.1.1",
      "resolved": "https://registry.npmjs.org/@servicenow/ui-utils/-/ui-utils-24.1.1.tgz",
      "integrity": "sha512-bju89uie1RxMRgEoifK4NdV7m0X/pqjn8aafT8KRRmHdI5lVKOcfPDxeQ17V2g5f5MarX6jixKb6QRI+NaJhGg==",
      "license": "MIT",
      "dependencies": {
        "sn-http-request": "24.0.3"
      }
    },
    "node_modules/@types/normalize-package-data": {
      "version": "2.4.4",
      "resolved": "https://registry.npmjs.org/@types/normalize-package-data/-/normalize-package-data-2.4.4.tgz",
      "integrity": "sha512-37i+OaWTh9qeK4LSHPsyRC7NahnGotNuZvjLSgcPzblpHB3rrCJxAOgI5gCdKm7coonsaX1Of0ILiTcnZjbfxA==",
      "license": "MIT"
    },
    "node_modules/ajv": {
      "version": "6.12.6",
      "resolved": "https://registry.npmjs.org/ajv/-/ajv-6.12.6.tgz",
      "integrity": "sha512-j3fVLgvTo527anyYyJOGTYJbG+vnnQYvE0m5mmkc1TK+nxAppkCLMIL0aZ4dblVCNoGShhm+kzE4ZUykBoMg4g==",
      "dev": true,
      "license": "MIT",
      "dependencies": {
        "fast-deep-equal": "^3.1.1",
        "fast-json-stable-stringify": "^2.0.0",
        "json-schema-traverse": "^0.4.1",
        "uri-js": "^4.2.2"
      },
      "funding": {
        "type": "github",
        "url": "https://github.com/sponsors/epoberezkin"
      }
    },
    "node_modules/anymatch": {
      "version": "3.1.3",
      "resolved": "https://registry.npmjs.org/anymatch/-/anymatch-3.1.3.tgz",
      "integrity": "sha512-KMReFUr0B4t+D+OBkjR3KYqvocp2XaSzO55UcB6mgQMd3KbcE+mWTyvVV7D/zsdEbNnV6acZUutkiHQXvTr1Rw==",
      "dev": true,
      "license": "ISC",
      "dependencies": {
        "normalize-path": "^3.0.0",
        "picomatch": "^2.0.4"
      },
      "engines": {
        "node": ">= 8"
      }
    },
    "node_modules/binary-extensions": {
      "version": "2.3.0",
      "resolved": "https://registry.npmjs.org/binary-extensions/-/binary-extensions-2.3.0.tgz",
      "integrity": "sha512-Ceh+7ox5qe7LJuLHoY0feh3pHuUDHAcRUeyL2VYghZwfpkNIy/+8Ocg0a3UuSoYzavmylwuLWQOf3hl0jjMMIw==",
      "dev": true,
      "license": "MIT",
      "engines": {
        "node": ">=8"
      },
      "funding": {
        "url": "https://github.com/sponsors/sindresorhus"
      }
    },
    "node_modules/braces": {
      "version": "3.0.3",
      "resolved": "https://registry.npmjs.org/braces/-/braces-3.0.3.tgz",
      "integrity": "sha512-yQbXgO/OSZVD2IsiLlro+7Hf6Q18EJrKSEsdoMzKePKXct3gvD8oLcOQdIzGupr5Fj+EDe8gO/lxc1BzfMpxvA==",
      "dev": true,
      "license": "MIT",
      "dependencies": {
        "fill-range": "^7.1.1"
      },
      "engines": {
        "node": ">=8"
      }
    },
    "node_modules/browser-resolve": {
      "version": "1.11.3",
      "resolved": "https://registry.npmjs.org/browser-resolve/-/browser-resolve-1.11.3.tgz",
      "integrity": "sha512-exDi1BYWB/6raKHmDTCicQfTkqwN5fioMFV4j8BsfMU4R2DK/QfZfK7kOVkmWCNANf0snkBzqGqAJBao9gZMdQ==",
      "license": "MIT",
      "dependencies": {
        "resolve": "1.1.7"
      }
    },
    "node_modules/chokidar": {
      "version": "3.6.0",
      "resolved": "https://registry.npmjs.org/chokidar/-/chokidar-3.6.0.tgz",
      "integrity": "sha512-7VT13fmjotKpGipCW9JEQAusEPE+Ei8nl6/g4FBAmIm0GOOLMua9NDDo/DWp0ZAxCr3cPq5ZpBqmPAQgDda2Pw==",
      "dev": true,
      "license": "MIT",
      "dependencies": {
        "anymatch": "~3.1.2",
        "braces": "~3.0.2",
        "glob-parent": "~5.1.2",
        "is-binary-path": "~2.1.0",
        "is-glob": "~4.0.1",
        "normalize-path": "~3.0.0",
        "readdirp": "~3.6.0"
      },
      "engines": {
        "node": ">= 8.10.0"
      },
      "funding": {
        "url": "https://paulmillr.com/funding/"
      },
      "optionalDependencies": {
        "fsevents": "~2.3.2"
      }
    },
    "node_modules/cuid": {
      "version": "2.0.2",
      "resolved": "https://registry.npmjs.org/cuid/-/cuid-2.0.2.tgz",
      "integrity": "sha512-dzz/KESlvSRPnAoThLqxHGfW94rtPYrHpQ8OpT5WwfJVlhysPw1U989+3fHrn/FdtuMrFW5dzOVR/CAb90RbNw==",
      "deprecated": "Cuid and other k-sortable and non-cryptographic ids (Ulid, ObjectId, KSUID, all UUIDs) are all insecure. Use @paralleldrive/cuid2 instead.",
      "license": "MIT"
    },
    "node_modules/datatables.net": {
      "version": "2.3.6",
      "resolved": "https://registry.npmjs.org/datatables.net/-/datatables.net-2.3.6.tgz",
      "integrity": "sha512-xQ/dCxrjfxM0XY70wSIzakkTZ6ghERwlLmAPyCnu8Sk5cyt9YvOVyOsFNOa/BZ/lM63Q3i2YSSvp/o7GXZGsbg==",
      "license": "MIT",
      "dependencies": {
        "jquery": ">=1.7"
      }
    },
    "node_modules/datatables.net-dt": {
      "version": "2.3.6",
      "resolved": "https://registry.npmjs.org/datatables.net-dt/-/datatables.net-dt-2.3.6.tgz",
      "integrity": "sha512-8OEUNCEfkeW+TuVUDlT1q6/XXOitgVzCdNqBivw8bK9DnaNk5F6JjT8lE2pQ4uAfoL/dTy2J+HKxTHeTh8HJlg==",
      "license": "MIT",
      "dependencies": {
        "datatables.net": "2.3.6",
        "jquery": ">=1.7"
      }
    },
    "node_modules/error-ex": {
      "version": "1.3.4",
      "resolved": "https://registry.npmjs.org/error-ex/-/error-ex-1.3.4.tgz",
      "integrity": "sha512-sqQamAnR14VgCr1A618A3sGrygcpK+HEbenA/HiEAkkUwcZIIB/tgWqHFxWgOyDh4nB4JCRimh79dR5Ywc9MDQ==",
      "license": "MIT",
      "dependencies": {
        "is-arrayish": "^0.2.1"
      }
    },
    "node_modules/fast-deep-equal": {
      "version": "3.1.3",
      "resolved": "https://registry.npmjs.org/fast-deep-equal/-/fast-deep-equal-3.1.3.tgz",
      "integrity": "sha512-f3qQ9oQy9j2AhBe/H9VC91wLmKBCCU/gDOnKNAYG5hswO7BLKj09Hc5HYNz9cGI++xlpDCIgDaitVs03ATR84Q==",
      "dev": true,
      "license": "MIT"
    },
    "node_modules/fast-json-stable-stringify": {
      "version": "2.1.0",
      "resolved": "https://registry.npmjs.org/fast-json-stable-stringify/-/fast-json-stable-stringify-2.1.0.tgz",
      "integrity": "sha512-lhd/wF+Lk98HZoTCtlVraHtfh5XYijIjalXck7saUtuanSDyLMxnHhSXEDJqHxD7msR8D0uCmqlkwjCV8xvwHw==",
      "dev": true,
      "license": "MIT"
    },
    "node_modules/fflate": {
      "version": "0.7.1",
      "resolved": "https://registry.npmjs.org/fflate/-/fflate-0.7.1.tgz",
      "integrity": "sha512-VYM2Xy1gSA5MerKzCnmmuV2XljkpKwgJBKezW+495TTnTCh1x5HcYa1aH8wRU/MfTGhW4ziXqgwprgQUVl3Ohw==",
      "license": "MIT"
    },
    "node_modules/fill-range": {
      "version": "7.1.1",
      "resolved": "https://registry.npmjs.org/fill-range/-/fill-range-7.1.1.tgz",
      "integrity": "sha512-YsGpe3WHLK8ZYi4tWDg2Jy3ebRz2rXowDxnld4bkQB00cc/1Zw9AWnC0i9ztDJitivtQvaI9KaLyKrc+hBW0yg==",
      "dev": true,
      "license": "MIT",
      "dependencies": {
        "to-regex-range": "^5.0.1"
      },
      "engines": {
        "node": ">=8"
      }
    },
    "node_modules/find-up": {
      "version": "4.1.0",
      "resolved": "https://registry.npmjs.org/find-up/-/find-up-4.1.0.tgz",
      "integrity": "sha512-PpOwAdQ/YlXQ2vj8a3h8IipDuYRi3wceVQQGYWxNINccq40Anw7BlsEXCMbt1Zt+OLA6Fq9suIpIWD0OsnISlw==",
      "license": "MIT",
      "dependencies": {
        "locate-path": "^5.0.0",
        "path-exists": "^4.0.0"
      },
      "engines": {
        "node": ">=8"
      }
    },
    "node_modules/fsevents": {
      "version": "2.3.3",
      "resolved": "https://registry.npmjs.org/fsevents/-/fsevents-2.3.3.tgz",
      "integrity": "sha512-5xoDfX+fL7faATnagmWPpbFtwh/R77WmMMqqHGS65C3vvB0YHrgF+B1YmZ3441tMj5n63k0212XNoJwzlhffQw==",
      "dev": true,
      "hasInstallScript": true,
      "license": "MIT",
      "optional": true,
      "os": [
        "darwin"
      ],
      "engines": {
        "node": "^8.16.0 || ^10.6.0 || >=11.0.0"
      }
    },
    "node_modules/function-bind": {
      "version": "1.1.2",
      "resolved": "https://registry.npmjs.org/function-bind/-/function-bind-1.1.2.tgz",
      "integrity": "sha512-7XHNxH7qX9xG5mIwxkhumTox/MIRNcOgDrxWsMt2pAr23WHp6MrRlN7FBSFpCpr+oVO0F744iUgR82nJMfG2SA==",
      "license": "MIT",
      "funding": {
        "url": "https://github.com/sponsors/ljharb"
      }
    },
    "node_modules/glob-parent": {
      "version": "5.1.2",
      "resolved": "https://registry.npmjs.org/glob-parent/-/glob-parent-5.1.2.tgz",
      "integrity": "sha512-AOIgSQCepiJYwP3ARnGx+5VnTu2HBYdzbGP45eLw1vr3zB3vZLeyed1sC9hnbcOc9/SrMyM5RPQrkGz4aS9Zow==",
      "dev": true,
      "license": "ISC",
      "dependencies": {
        "is-glob": "^4.0.1"
      },
      "engines": {
        "node": ">= 6"
      }
    },
    "node_modules/hasown": {
      "version": "2.0.2",
      "resolved": "https://registry.npmjs.org/hasown/-/hasown-2.0.2.tgz",
      "integrity": "sha512-0hJU9SCPvmMzIBdZFqNPXWa6dqh7WdH0cII9y+CyS8rG3nL48Bclra9HmKhVVUHyPWNH5Y7xDwAB7bfgSjkUMQ==",
      "license": "MIT",
      "dependencies": {
        "function-bind": "^1.1.2"
      },
      "engines": {
        "node": ">= 0.4"
      }
    },
    "node_modules/hosted-git-info": {
      "version": "2.8.9",
      "resolved": "https://registry.npmjs.org/hosted-git-info/-/hosted-git-info-2.8.9.tgz",
      "integrity": "sha512-mxIDAb9Lsm6DoOJ7xH+5+X4y1LU/4Hi50L9C5sIswK3JzULS4bwk1FvjdBgvYR4bzT4tuUQiC15FE2f5HbLvYw==",
      "license": "ISC"
    },
    "node_modules/immer": {
      "version": "3.1.2",
      "resolved": "https://registry.npmjs.org/immer/-/immer-3.1.2.tgz",
      "integrity": "sha512-pi8JuvJ9c+98DlpDms/o0YLLg5khP8Qzjd8CtIGc4qVm2eoLdQGivJL266nWccofKT/oBSxnhAh/o+nmOXtLXw==",
      "license": "MIT"
    },
    "node_modules/immutable": {
      "version": "4.3.7",
      "resolved": "https://registry.npmjs.org/immutable/-/immutable-4.3.7.tgz",
      "integrity": "sha512-1hqclzwYwjRDFLjcFxOM5AYkkG0rpFPpr1RLPMEuGczoS7YA8gLhy8SWXYRAA/XwfEHpfo3cw5JGioS32fnMRw==",
      "dev": true,
      "license": "MIT"
    },
    "node_modules/invariant": {
      "version": "2.2.4",
      "resolved": "https://registry.npmjs.org/invariant/-/invariant-2.2.4.tgz",
      "integrity": "sha512-phJfQVBuaJM5raOpJjSfkiD6BpbCE4Ns//LaXl6wGYtUBY83nWS6Rf9tXm2e8VaK60JEjYldbPif/A2B1C2gNA==",
      "license": "MIT",
      "dependencies": {
        "loose-envify": "^1.0.0"
      }
    },
    "node_modules/is-arrayish": {
      "version": "0.2.1",
      "resolved": "https://registry.npmjs.org/is-arrayish/-/is-arrayish-0.2.1.tgz",
      "integrity": "sha512-zz06S8t0ozoDXMG+ube26zeCTNXcKIPJZJi8hBrF4idCLms4CG9QtK7qBl1boi5ODzFpjswb5JPmHCbMpjaYzg==",
      "license": "MIT"
    },
    "node_modules/is-binary-path": {
      "version": "2.1.0",
      "resolved": "https://registry.npmjs.org/is-binary-path/-/is-binary-path-2.1.0.tgz",
      "integrity": "sha512-ZMERYes6pDydyuGidse7OsHxtbI7WVeUEozgR/g7rd0xUimYNlvZRE/K2MgZTjWy725IfelLeVcEM97mmtRGXw==",
      "dev": true,
      "license": "MIT",
      "dependencies": {
        "binary-extensions": "^2.0.0"
      },
      "engines": {
        "node": ">=8"
      }
    },
    "node_modules/is-core-module": {
      "version": "2.16.1",
      "resolved": "https://registry.npmjs.org/is-core-module/-/is-core-module-2.16.1.tgz",
      "integrity": "sha512-UfoeMA6fIJ8wTYFEUjelnaGI67v6+N7qXJEvQuIGa99l4xsCruSYOVSQ0uPANn4dAzm8lkYPaKLrrijLq7x23w==",
      "license": "MIT",
      "dependencies": {
        "hasown": "^2.0.2"
      },
      "engines": {
        "node": ">= 0.4"
      },
      "funding": {
        "url": "https://github.com/sponsors/ljharb"
      }
    },
    "node_modules/is-extglob": {
      "version": "2.1.1",
      "resolved": "https://registry.npmjs.org/is-extglob/-/is-extglob-2.1.1.tgz",
      "integrity": "sha512-SbKbANkN603Vi4jEZv49LeVJMn4yGwsbzZworEoyEiutsN3nJYdbO36zfhGJ6QEDpOZIFkDtnq5JRxmvl3jsoQ==",
      "dev": true,
      "license": "MIT",
      "engines": {
        "node": ">=0.10.0"
      }
    },
    "node_modules/is-glob": {
      "version": "4.0.3",
      "resolved": "https://registry.npmjs.org/is-glob/-/is-glob-4.0.3.tgz",
      "integrity": "sha512-xelSayHH36ZgE7ZWhli7pW34hNbNl8Ojv5KVmkJD4hBdD3th8Tfk9vYasLM+mXWOZhFkgZfxhLSnrwRr4elSSg==",
      "dev": true,
      "license": "MIT",
      "dependencies": {
        "is-extglob": "^2.1.1"
      },
      "engines": {
        "node": ">=0.10.0"
      }
    },
    "node_modules/is-number": {
      "version": "7.0.0",
      "resolved": "https://registry.npmjs.org/is-number/-/is-number-7.0.0.tgz",
      "integrity": "sha512-41Cifkg6e8TylSpdtTpeLVMqvSBEVzTttHvERD741+pnZ8ANv0004MRL43QKPDlK9cGvNp6NZWZUBlbGXYxxng==",
      "dev": true,
      "license": "MIT",
      "engines": {
        "node": ">=0.12.0"
      }
    },
    "node_modules/jquery": {
      "version": "3.6.4",
      "resolved": "https://registry.npmjs.org/jquery/-/jquery-3.6.4.tgz",
      "integrity": "sha512-v28EW9DWDFpzcD9O5iyJXg3R3+q+mET5JhnjJzQUZMHOv67bpSIHq81GEYpPNZHG+XXHsfSme3nxp/hndKEcsQ==",
      "license": "MIT"
    },
    "node_modules/js-tokens": {
      "version": "4.0.0",
      "resolved": "https://registry.npmjs.org/js-tokens/-/js-tokens-4.0.0.tgz",
      "integrity": "sha512-RdJUflcE3cUzKiMqQgsCu06FPu9UdIJO0beYbPhHN4k6apgJtifcoCtT9bcxOpYBtpD2kCM6Sbzg4CausW/PKQ==",
      "license": "MIT"
    },
    "node_modules/json-parse-even-better-errors": {
      "version": "2.3.1",
      "resolved": "https://registry.npmjs.org/json-parse-even-better-errors/-/json-parse-even-better-errors-2.3.1.tgz",
      "integrity": "sha512-xyFwyhro/JEof6Ghe2iz2NcXoj2sloNsWr/XsERDK/oiPCfaNhl5ONfp+jQdAZRQQ0IJWNzH9zIZF7li91kh2w==",
      "license": "MIT"
    },
    "node_modules/json-schema-traverse": {
      "version": "0.4.1",
      "resolved": "https://registry.npmjs.org/json-schema-traverse/-/json-schema-traverse-0.4.1.tgz",
      "integrity": "sha512-xbbCH5dCYU5T8LcEhhuh7HJ88HXuW3qsI3Y0zOZFKfZEHcpWiHU/Jxzk629Brsab/mMiHQti9wMP+845RPe3Vg==",
      "dev": true,
      "license": "MIT"
    },
    "node_modules/lines-and-columns": {
      "version": "1.2.4",
      "resolved": "https://registry.npmjs.org/lines-and-columns/-/lines-and-columns-1.2.4.tgz",
      "integrity": "sha512-7ylylesZQ/PV29jhEDl3Ufjo6ZX7gCqJr5F7PKrqc93v7fzSymt1BpwEU8nAUXs8qzzvqhbjhK5QZg6Mt/HkBg==",
      "license": "MIT"
    },
    "node_modules/locate-path": {
      "version": "5.0.0",
      "resolved": "https://registry.npmjs.org/locate-path/-/locate-path-5.0.0.tgz",
      "integrity": "sha512-t7hw9pI+WvuwNJXwk5zVHpyhIqzg2qTlklJOf0mVxGSbe3Fp2VieZcduNYjaLDoy6p9uGpQEGWG87WpMKlNq8g==",
      "license": "MIT",
      "dependencies": {
        "p-locate": "^4.1.0"
      },
      "engines": {
        "node": ">=8"
      }
    },
    "node_modules/lodash": {
      "version": "4.17.21",
      "resolved": "https://registry.npmjs.org/lodash/-/lodash-4.17.21.tgz",
      "integrity": "sha512-v2kDEe57lecTulaDIuNTPy3Ry4gLGJ6Z1O3vE1krgXZNrsQ+LFTGHVxVjcXPs17LhbZVGedAJv8XZ1tvj5FvSg==",
      "license": "MIT"
    },
    "node_modules/loose-envify": {
      "version": "1.4.0",
      "resolved": "https://registry.npmjs.org/loose-envify/-/loose-envify-1.4.0.tgz",
      "integrity": "sha512-lyuxPGr/Wfhrlem2CL/UcnUc1zcqKAImBDzukY7Y5F/yQiNdko6+fRLevlw1HgMySw7f611UIY408EtxRSoK3Q==",
      "license": "MIT",
      "dependencies": {
        "js-tokens": "^3.0.0 || ^4.0.0"
      },
      "bin": {
        "loose-envify": "cli.js"
      }
    },
    "node_modules/normalize-package-data": {
      "version": "2.5.0",
      "resolved": "https://registry.npmjs.org/normalize-package-data/-/normalize-package-data-2.5.0.tgz",
      "integrity": "sha512-/5CMN3T0R4XTj4DcGaexo+roZSdSFW/0AOOTROrjxzCG1wrWXEsGbRKevjlIL+ZDE4sZlJr5ED4YW0yqmkK+eA==",
      "license": "BSD-2-Clause",
      "dependencies": {
        "hosted-git-info": "^2.1.4",
        "resolve": "^1.10.0",
        "semver": "2 || 3 || 4 || 5",
        "validate-npm-package-license": "^3.0.1"
      }
    },
    "node_modules/normalize-package-data/node_modules/resolve": {
      "version": "1.22.11",
      "resolved": "https://registry.npmjs.org/resolve/-/resolve-1.22.11.tgz",
      "integrity": "sha512-RfqAvLnMl313r7c9oclB1HhUEAezcpLjz95wFH4LVuhk9JF/r22qmVP9AMmOU4vMX7Q8pN8jwNg/CSpdFnMjTQ==",
      "license": "MIT",
      "dependencies": {
        "is-core-module": "^2.16.1",
        "path-parse": "^1.0.7",
        "supports-preserve-symlinks-flag": "^1.0.0"
      },
      "bin": {
        "resolve": "bin/resolve"
      },
      "engines": {
        "node": ">= 0.4"
      },
      "funding": {
        "url": "https://github.com/sponsors/ljharb"
      }
    },
    "node_modules/normalize-path": {
      "version": "3.0.0",
      "resolved": "https://registry.npmjs.org/normalize-path/-/normalize-path-3.0.0.tgz",
      "integrity": "sha512-6eZs5Ls3WtCisHWp9S2GUy8dqkpGi4BVSz3GaqiE6ezub0512ESztXUwUB6C6IKbQkY2Pnb/mD4WYojCRwcwLA==",
      "dev": true,
      "license": "MIT",
      "engines": {
        "node": ">=0.10.0"
      }
    },
    "node_modules/p-limit": {
      "version": "2.3.0",
      "resolved": "https://registry.npmjs.org/p-limit/-/p-limit-2.3.0.tgz",
      "integrity": "sha512-//88mFWSJx8lxCzwdAABTJL2MyWB12+eIY7MDL2SqLmAkeKU9qxRvWuSyTjm3FUmpBEMuFfckAIqEaVGUDxb6w==",
      "license": "MIT",
      "dependencies": {
        "p-try": "^2.0.0"
      },
      "engines": {
        "node": ">=6"
      },
      "funding": {
        "url": "https://github.com/sponsors/sindresorhus"
      }
    },
    "node_modules/p-locate": {
      "version": "4.1.0",
      "resolved": "https://registry.npmjs.org/p-locate/-/p-locate-4.1.0.tgz",
      "integrity": "sha512-R79ZZ/0wAxKGu3oYMlz8jy/kbhsNrS7SKZ7PxEHBgJ5+F2mtFW2fK2cOtBh1cHYkQsbzFV7I+EoRKe6Yt0oK7A==",
      "license": "MIT",
      "dependencies": {
        "p-limit": "^2.2.0"
      },
      "engines": {
        "node": ">=8"
      }
    },
    "node_modules/p-try": {
      "version": "2.2.0",
      "resolved": "https://registry.npmjs.org/p-try/-/p-try-2.2.0.tgz",
      "integrity": "sha512-R4nPAVTAU0B9D35/Gk3uJf/7XYbQcyohSKdvAxIRSNghFl4e71hVoGnBNQz9cWaXxO2I10KTC+3jMdvvoKw6dQ==",
      "license": "MIT",
      "engines": {
        "node": ">=6"
      }
    },
    "node_modules/parse-json": {
      "version": "5.2.0",
      "resolved": "https://registry.npmjs.org/parse-json/-/parse-json-5.2.0.tgz",
      "integrity": "sha512-ayCKvm/phCGxOkYRSCM82iDwct8/EonSEgCSxWxD7ve6jHggsFl4fZVQBPRNgQoKiuV/odhFrGzQXZwbifC8Rg==",
      "license": "MIT",
      "dependencies": {
        "@babel/code-frame": "^7.0.0",
        "error-ex": "^1.3.1",
        "json-parse-even-better-errors": "^2.3.0",
        "lines-and-columns": "^1.1.6"
      },
      "engines": {
        "node": ">=8"
      },
      "funding": {
        "url": "https://github.com/sponsors/sindresorhus"
      }
    },
    "node_modules/path-exists": {
      "version": "4.0.0",
      "resolved": "https://registry.npmjs.org/path-exists/-/path-exists-4.0.0.tgz",
      "integrity": "sha512-ak9Qy5Q7jYb2Wwcey5Fpvg2KoAc/ZIhLSLOSBmRmygPsGwkVVt0fZa0qrtMz+m6tJTAHfZQ8FnmB4MG4LWy7/w==",
      "license": "MIT",
      "engines": {
        "node": ">=8"
      }
    },
    "node_modules/path-parse": {
      "version": "1.0.7",
      "resolved": "https://registry.npmjs.org/path-parse/-/path-parse-1.0.7.tgz",
      "integrity": "sha512-LDJzPVEEEPR+y48z93A0Ed0yXb8pAByGWo/k5YYdYgpY2/2EsOsksJrq7lOHxryrVOn1ejG6oAp8ahvOIQD8sw==",
      "license": "MIT"
    },
    "node_modules/picocolors": {
      "version": "1.1.1",
      "resolved": "https://registry.npmjs.org/picocolors/-/picocolors-1.1.1.tgz",
      "integrity": "sha512-xceH2snhtb5M9liqDsmEw56le376mTZkEX/jEb/RxNFyegNul7eNslCXP9FDj/Lcu0X8KEyMceP2ntpaHrDEVA==",
      "license": "ISC"
    },
    "node_modules/picomatch": {
      "version": "2.3.1",
      "resolved": "https://registry.npmjs.org/picomatch/-/picomatch-2.3.1.tgz",
      "integrity": "sha512-JU3teHTNjmE2VCGFzuY8EXzCDVwEqB2a8fsIvwaStHhAWJEeVd1o1QD80CU6+ZdEXXSLbSsuLwJjkCBWqRQUVA==",
      "dev": true,
      "license": "MIT",
      "engines": {
        "node": ">=8.6"
      },
      "funding": {
        "url": "https://github.com/sponsors/jonschlinkert"
      }
    },
    "node_modules/punycode": {
      "version": "2.3.1",
      "resolved": "https://registry.npmjs.org/punycode/-/punycode-2.3.1.tgz",
      "integrity": "sha512-vYt7UD1U9Wg6138shLtLOvdAu+8DsC/ilFtEVHcH+wydcSpNE20AfSOduf6MkRFahL5FY7X1oU7nKVZFtfq8Fg==",
      "dev": true,
      "license": "MIT",
      "engines": {
        "node": ">=6"
      }
    },
    "node_modules/read-pkg": {
      "version": "5.2.0",
      "resolved": "https://registry.npmjs.org/read-pkg/-/read-pkg-5.2.0.tgz",
      "integrity": "sha512-Ug69mNOpfvKDAc2Q8DRpMjjzdtrnv9HcSMX+4VsZxD1aZ6ZzrIE7rlzXBtWTyhULSMKg076AW6WR5iZpD0JiOg==",
      "license": "MIT",
      "dependencies": {
        "@types/normalize-package-data": "^2.4.0",
        "normalize-package-data": "^2.5.0",
        "parse-json": "^5.0.0",
        "type-fest": "^0.6.0"
      },
      "engines": {
        "node": ">=8"
      }
    },
    "node_modules/read-pkg-up": {
      "version": "7.0.1",
      "resolved": "https://registry.npmjs.org/read-pkg-up/-/read-pkg-up-7.0.1.tgz",
      "integrity": "sha512-zK0TB7Xd6JpCLmlLmufqykGE+/TlOePD6qKClNW7hHDKFh/J7/7gCWGR7joEQEW1bKq3a3yUZSObOoWLFQ4ohg==",
      "license": "MIT",
      "dependencies": {
        "find-up": "^4.1.0",
        "read-pkg": "^5.2.0",
        "type-fest": "^0.8.1"
      },
      "engines": {
        "node": ">=8"
      },
      "funding": {
        "url": "https://github.com/sponsors/sindresorhus"
      }
    },
    "node_modules/read-pkg/node_modules/type-fest": {
      "version": "0.6.0",
      "resolved": "https://registry.npmjs.org/type-fest/-/type-fest-0.6.0.tgz",
      "integrity": "sha512-q+MB8nYR1KDLrgr4G5yemftpMC7/QLqVndBmEEdqzmNj5dcFOO4Oo8qlwZE3ULT3+Zim1F8Kq4cBnikNhlCMlg==",
      "license": "(MIT OR CC0-1.0)",
      "engines": {
        "node": ">=8"
      }
    },
    "node_modules/readdirp": {
      "version": "3.6.0",
      "resolved": "https://registry.npmjs.org/readdirp/-/readdirp-3.6.0.tgz",
      "integrity": "sha512-hOS089on8RduqdbhvQ5Z37A0ESjsqz6qnRcffsMU3495FuTdqSm+7bhJ29JvIOsBDEEnan5DPu9t3To9VRlMzA==",
      "dev": true,
      "license": "MIT",
      "dependencies": {
        "picomatch": "^2.2.1"
      },
      "engines": {
        "node": ">=8.10.0"
      }
    },
    "node_modules/regenerator-runtime": {
      "version": "0.14.1",
      "resolved": "https://registry.npmjs.org/regenerator-runtime/-/regenerator-runtime-0.14.1.tgz",
      "integrity": "sha512-dYnhHh0nJoMfnkZs6GmmhFknAGRrLznOu5nc9ML+EJxGvrx6H7teuevqVqCuPcPK//3eDrrjQhehXVx9cnkGdw==",
      "dev": true,
      "license": "MIT"
    },
    "node_modules/resolve": {
      "version": "1.1.7",
      "resolved": "https://registry.npmjs.org/resolve/-/resolve-1.1.7.tgz",
      "integrity": "sha512-9znBF0vBcaSN3W2j7wKvdERPwqTxSpCq+if5C0WoTCyV9n24rua28jeuQ2pL/HOf+yUe/Mef+H/5p60K0Id3bg==",
      "license": "MIT"
    },
    "node_modules/sass": {
      "version": "1.53.0",
      "resolved": "https://registry.npmjs.org/sass/-/sass-1.53.0.tgz",
      "integrity": "sha512-zb/oMirbKhUgRQ0/GFz8TSAwRq2IlR29vOUJZOx0l8sV+CkHUfHa4u5nqrG+1VceZp7Jfj59SVW9ogdhTvJDcQ==",
      "dev": true,
      "license": "MIT",
      "dependencies": {
        "chokidar": ">=3.0.0 <4.0.0",
        "immutable": "^4.0.0",
        "source-map-js": ">=0.6.2 <2.0.0"
      },
      "bin": {
        "sass": "sass.js"
      },
      "engines": {
        "node": ">=12.0.0"
      }
    },
    "node_modules/semver": {
      "version": "5.7.2",
      "resolved": "https://registry.npmjs.org/semver/-/semver-5.7.2.tgz",
      "integrity": "sha512-cBznnQ9KjJqU67B52RMC65CMarK2600WFnbkcaiwWq3xy/5haFJlshgnpjovMVJ+Hff49d8GEn0b87C5pDQ10g==",
      "license": "ISC",
      "bin": {
        "semver": "bin/semver"
      }
    },
    "node_modules/sn-http-request": {
      "version": "24.0.3",
      "resolved": "https://registry.npmjs.org/sn-http-request/-/sn-http-request-24.0.3.tgz",
      "integrity": "sha512-VmB8dGIDA4KVCK+P1ndCONBvnOcBgIIJP8gTVT2wS0XuVWt7TdkH+E7veaYSH13jIrNaUJfPXmK9Kopeh8EYtg==",
      "hasInstallScript": true,
      "license": "MIT",
      "dependencies": {
        "browser-resolve": "1.11.3",
        "cuid": "2.0.2",
        "fflate": "0.7.1",
        "invariant": "2.2.4",
        "lodash": "4.17.21",
        "read-pkg-up": "7.0.1"
      },
      "engines": {
        "node": ">=8.4.0",
        "npm": ">=5.3.0"
      }
    },
    "node_modules/snabbdom": {
      "version": "2.1.0",
      "resolved": "https://registry.npmjs.org/snabbdom/-/snabbdom-2.1.0.tgz",
      "integrity": "sha512-3GPeO80A2/bob5ADrkRX8FtvW8kHbJ0aRb4XAN2MIN4bY2dprNJkhp87AgfjWgVhIkwgX9DOsuTLjWwBhMXMkQ==",
      "license": "MIT"
    },
    "node_modules/snabbdom-signature": {
      "version": "0.0.3",
      "resolved": "https://registry.npmjs.org/snabbdom-signature/-/snabbdom-signature-0.0.3.tgz",
      "integrity": "sha512-j2jSPf0VilIlA5sxZjDh4+I5RlYeJVdrZIPM2V4zd680maai484YPcMUzOOM74LXAytgt+Ad3Q3smml35939Ig==",
      "license": "MIT"
    },
    "node_modules/source-map-js": {
      "version": "1.2.1",
      "resolved": "https://registry.npmjs.org/source-map-js/-/source-map-js-1.2.1.tgz",
      "integrity": "sha512-UXWMKhLOwVKb728IUtQPXxfYU+usdybtUrK/8uGE8CQMvrhOpwvzDBwj0QhSL7MQc7vIsISBG8VQ8+IDQxpfQA==",
      "dev": true,
      "license": "BSD-3-Clause",
      "engines": {
        "node": ">=0.10.0"
      }
    },
    "node_modules/spdx-correct": {
      "version": "3.2.0",
      "resolved": "https://registry.npmjs.org/spdx-correct/-/spdx-correct-3.2.0.tgz",
      "integrity": "sha512-kN9dJbvnySHULIluDHy32WHRUu3Og7B9sbY7tsFLctQkIqnMh3hErYgdMjTYuqmcXX+lK5T1lnUt3G7zNswmZA==",
      "license": "Apache-2.0",
      "dependencies": {
        "spdx-expression-parse": "^3.0.0",
        "spdx-license-ids": "^3.0.0"
      }
    },
    "node_modules/spdx-exceptions": {
      "version": "2.5.0",
      "resolved": "https://registry.npmjs.org/spdx-exceptions/-/spdx-exceptions-2.5.0.tgz",
      "integrity": "sha512-PiU42r+xO4UbUS1buo3LPJkjlO7430Xn5SVAhdpzzsPHsjbYVflnnFdATgabnLude+Cqu25p6N+g2lw/PFsa4w==",
      "license": "CC-BY-3.0"
    },
    "node_modules/spdx-expression-parse": {
      "version": "3.0.1",
      "resolved": "https://registry.npmjs.org/spdx-expression-parse/-/spdx-expression-parse-3.0.1.tgz",
      "integrity": "sha512-cbqHunsQWnJNE6KhVSMsMeH5H/L9EpymbzqTQ3uLwNCLZ1Q481oWaofqH7nO6V07xlXwY6PhQdQ2IedWx/ZK4Q==",
      "license": "MIT",
      "dependencies": {
        "spdx-exceptions": "^2.1.0",
        "spdx-license-ids": "^3.0.0"
      }
    },
    "node_modules/spdx-license-ids": {
      "version": "3.0.22",
      "resolved": "https://registry.npmjs.org/spdx-license-ids/-/spdx-license-ids-3.0.22.tgz",
      "integrity": "sha512-4PRT4nh1EImPbt2jASOKHX7PB7I+e4IWNLvkKFDxNhJlfjbYlleYQh285Z/3mPTHSAK/AvdMmw5BNNuYH8ShgQ==",
      "license": "CC0-1.0"
    },
    "node_modules/string-template": {
      "version": "1.0.0",
      "resolved": "https://registry.npmjs.org/string-template/-/string-template-1.0.0.tgz",
      "integrity": "sha512-SLqR3GBUXuoPP5MmYtD7ompvXiG87QjT6lzOszyXjTM86Uu7At7vNnt2xgyTLq5o9T4IxTYFyGxcULqpsmsfdg==",
      "license": "MIT"
    },
    "node_modules/supports-preserve-symlinks-flag": {
      "version": "1.0.0",
      "resolved": "https://registry.npmjs.org/supports-preserve-symlinks-flag/-/supports-preserve-symlinks-flag-1.0.0.tgz",
      "integrity": "sha512-ot0WnXS9fgdkgIcePe6RHNk1WA8+muPa6cSjeR3V8K27q9BB1rTE3R1p7Hv0z1ZyAc8s6Vvv8DIyWf681MAt0w==",
      "license": "MIT",
      "engines": {
        "node": ">= 0.4"
      },
      "funding": {
        "url": "https://github.com/sponsors/ljharb"
      }
    },
    "node_modules/tabulator-tables": {
      "version": "6.3.1",
      "resolved": "https://registry.npmjs.org/tabulator-tables/-/tabulator-tables-6.3.1.tgz",
      "integrity": "sha512-qFW7kfadtcaISQIibKAIy0f3eeIXUVi8242Vly1iJfMD79kfEGzfczNuPBN/80hDxHzQJXYbmJ8VipI40hQtfA==",
      "license": "MIT"
    },
    "node_modules/to-regex-range": {
      "version": "5.0.1",
      "resolved": "https://registry.npmjs.org/to-regex-range/-/to-regex-range-5.0.1.tgz",
      "integrity": "sha512-65P7iz6X5yEr1cwcgvQxbbIw7Uk3gOy5dIdtZ4rDveLqhrdJP+Li/Hx6tyK0NEb+2GCyneCMJiGqrADCSNk8sQ==",
      "dev": true,
      "license": "MIT",
      "dependencies": {
        "is-number": "^7.0.0"
      },
      "engines": {
        "node": ">=8.0"
      }
    },
    "node_modules/type-fest": {
      "version": "0.8.1",
      "resolved": "https://registry.npmjs.org/type-fest/-/type-fest-0.8.1.tgz",
      "integrity": "sha512-4dbzIzqvjtgiM5rw1k5rEHtBANKmdudhGyBEajN01fEyhaAIhsoKNy6y7+IN93IfpFtwY9iqi7kD+xwKhQsNJA==",
      "license": "(MIT OR CC0-1.0)",
      "engines": {
        "node": ">=8"
      }
    },
    "node_modules/uri-js": {
      "version": "4.4.1",
      "resolved": "https://registry.npmjs.org/uri-js/-/uri-js-4.4.1.tgz",
      "integrity": "sha512-7rKUyy33Q1yc98pQ1DAmLtwX109F7TIfWlW1Ydo8Wl1ii1SeHieeh0HHfPeL2fMXK6z0s8ecKs9frCuLJvndBg==",
      "dev": true,
      "license": "BSD-2-Clause",
      "dependencies": {
        "punycode": "^2.1.0"
      }
    },
    "node_modules/validate-npm-package-license": {
      "version": "3.0.4",
      "resolved": "https://registry.npmjs.org/validate-npm-package-license/-/validate-npm-package-license-3.0.4.tgz",
      "integrity": "sha512-DpKm2Ui/xN7/HQKCtpZxoRWBhZ9Z0kqtygG8XCgNQ8ZlDnxuQmWhj566j8fN4Cu3/JmbhsDo7fcAJq4s9h27Ew==",
      "license": "Apache-2.0",
      "dependencies": {
        "spdx-correct": "^3.0.0",
        "spdx-expression-parse": "^3.0.0"
      }
    }
  }
}
